
Microsoft Visual Studio Solution File, Format Version 12.00
# Visual Studio Version 16
VisualStudioVersion = 16.0.30330.147
MinimumVisualStudioVersion = 10.0.40219.1
Project("{FAE04EC0-301F-11D3-BF4B-00C04F79EFBC}") = "ProyectoMesonURP", "ProyectoMesonURP\ProyectoMesonURP.csproj", "{041EE549-38CB-43FC-B104-ACEAFE4EFF27}"
EndProject
Project("{FAE04EC0-301F-11D3-BF4B-00C04F79EFBC}") = "CTR2", "CTR2\CTR2.csproj", "{41D3861B-3344-41C3-96B6-0DC4FF9ADA56}"
EndProject
Project("{FAE04EC0-301F-11D3-BF4B-00C04F79EFBC}") = "DAO2", "DAO2\DAO2.csproj", "{05BB5CD5-DC8E-4413-83B0-272E96412BA5}"
EndProject
Project("{FAE04EC0-301F-11D3-BF4B-00C04F79EFBC}") = "DTO2", "DTO2\DTO2.csproj", "{AEB2A706-6617-4641-9C3F-065CAF57222D}"
EndProject
Global
	GlobalSection(SolutionConfigurationPlatforms) = preSolution
		Debug|Any CPU = Debug|Any CPU
		Release|Any CPU = Release|Any CPU
	EndGlobalSection
	GlobalSection(ProjectConfigurationPlatforms) = postSolution
		{041EE549-38CB-43FC-B104-ACEAFE4EFF27}.Debug|Any CPU.ActiveCfg = Debug|Any CPU
		{041EE549-38CB-43FC-B104-ACEAFE4EFF27}.Debug|Any CPU.Build.0 = Debug|Any CPU
		{041EE549-38CB-43FC-B104-ACEAFE4EFF27}.Release|Any CPU.ActiveCfg = Release|Any CPU
		{041EE549-38CB-43FC-B104-ACEAFE4EFF27}.Release|Any CPU.Build.0 = Release|Any CPU
		{41D3861B-3344-41C3-96B6-0DC4FF9ADA56}.Debug|Any CPU.ActiveCfg = Debug|Any CPU
		{41D3861B-3344-41C3-96B6-0DC4FF9ADA56}.Debug|Any CPU.Build.0 = Debug|Any CPU
		{41D3861B-3344-41C3-96B6-0DC4FF9ADA56}.Release|Any CPU.ActiveCfg = Release|Any CPU
		{41D3861B-3344-41C3-96B6-0DC4FF9ADA56}.Release|Any CPU.Build.0 = Release|Any CPU
		{05BB5CD5-DC8E-4413-83B0-272E96412BA5}.Debug|Any CPU.ActiveCfg = Debug|Any CPU
		{05BB5CD5-DC8E-4413-83B0-272E96412BA5}.Debug|Any CPU.Build.0 = Debug|Any CPU
		{05BB5CD5-DC8E-4413-83B0-272E96412BA5}.Release|Any CPU.ActiveCfg = Release|Any CPU
		{05BB5CD5-DC8E-4413-83B0-272E96412BA5}.Release|Any CPU.Build.0 = Release|Any CPU
		{AEB2A706-6617-4641-9C3F-065CAF57222D}.Debug|Any CPU.ActiveCfg = Debug|Any CPU
		{AEB2A706-6617-4641-9C3F-065CAF57222D}.Debug|Any CPU.Build.0 = Debug|Any CPU
		{AEB2A706-6617-4641-9C3F-065CAF57222D}.Release|Any CPU.ActiveCfg = Release|Any CPU
		{AEB2A706-6617-4641-9C3F-065CAF57222D}.Release|Any CPU.Build.0 = Release|Any CPU
	EndGlobalSection
	GlobalSection(SolutionProperties) = preSolution
		HideSolutionNode = FALSE
	EndGlobalSection
	GlobalSection(ExtensibilityGlobals) = postSolution
		SolutionGuid = {FBAF4D6A-8784-45B6-BFEE-715C782EC654}
	EndGlobalSection
EndGlobal
