
Microsoft Visual Studio Solution File, Format Version 12.00
# Visual Studio Version 16
VisualStudioVersion = 16.0.30330.147
MinimumVisualStudioVersion = 10.0.40219.1
Project("{FAE04EC0-301F-11D3-BF4B-00C04F79EFBC}") = "ProyectoMesonURP", "ProyectoMesonURP\ProyectoMesonURP.csproj", "{041EE549-38CB-43FC-B104-ACEAFE4EFF27}"
EndProject
Project("{FAE04EC0-301F-11D3-BF4B-00C04F79EFBC}") = "CTR", "CTR\CTR.csproj", "{6216590E-7A1D-4779-9E96-55B408DE3F0E}"
EndProject
Project("{FAE04EC0-301F-11D3-BF4B-00C04F79EFBC}") = "DAO", "DAO\DAO.csproj", "{AFA2235A-79EA-4C66-A0CD-34C79BA7BBD3}"
EndProject
Project("{FAE04EC0-301F-11D3-BF4B-00C04F79EFBC}") = "DTO", "DTO\DTO.csproj", "{32959A1C-004A-49AB-B6FC-11F631C91A7A}"
EndProject
Global
	GlobalSection(SolutionConfigurationPlatforms) = preSolution
		Debug|Any CPU = Debug|Any CPU
		Release|Any CPU = Release|Any CPU
	EndGlobalSection
	GlobalSection(ProjectConfigurationPlatforms) = postSolution
		{041EE549-38CB-43FC-B104-ACEAFE4EFF27}.Debug|Any CPU.ActiveCfg = Debug|Any CPU
		{041EE549-38CB-43FC-B104-ACEAFE4EFF27}.Debug|Any CPU.Build.0 = Debug|Any CPU
		{041EE549-38CB-43FC-B104-ACEAFE4EFF27}.Release|Any CPU.ActiveCfg = Release|Any CPU
		{041EE549-38CB-43FC-B104-ACEAFE4EFF27}.Release|Any CPU.Build.0 = Release|Any CPU
		{6216590E-7A1D-4779-9E96-55B408DE3F0E}.Debug|Any CPU.ActiveCfg = Debug|Any CPU
		{6216590E-7A1D-4779-9E96-55B408DE3F0E}.Debug|Any CPU.Build.0 = Debug|Any CPU
		{6216590E-7A1D-4779-9E96-55B408DE3F0E}.Release|Any CPU.ActiveCfg = Release|Any CPU
		{6216590E-7A1D-4779-9E96-55B408DE3F0E}.Release|Any CPU.Build.0 = Release|Any CPU
		{AFA2235A-79EA-4C66-A0CD-34C79BA7BBD3}.Debug|Any CPU.ActiveCfg = Debug|Any CPU
		{AFA2235A-79EA-4C66-A0CD-34C79BA7BBD3}.Debug|Any CPU.Build.0 = Debug|Any CPU
		{AFA2235A-79EA-4C66-A0CD-34C79BA7BBD3}.Release|Any CPU.ActiveCfg = Release|Any CPU
		{AFA2235A-79EA-4C66-A0CD-34C79BA7BBD3}.Release|Any CPU.Build.0 = Release|Any CPU
		{32959A1C-004A-49AB-B6FC-11F631C91A7A}.Debug|Any CPU.ActiveCfg = Debug|Any CPU
		{32959A1C-004A-49AB-B6FC-11F631C91A7A}.Debug|Any CPU.Build.0 = Debug|Any CPU
		{32959A1C-004A-49AB-B6FC-11F631C91A7A}.Release|Any CPU.ActiveCfg = Release|Any CPU
		{32959A1C-004A-49AB-B6FC-11F631C91A7A}.Release|Any CPU.Build.0 = Release|Any CPU
	EndGlobalSection
	GlobalSection(SolutionProperties) = preSolution
		HideSolutionNode = FALSE
	EndGlobalSection
	GlobalSection(ExtensibilityGlobals) = postSolution
		SolutionGuid = {FBAF4D6A-8784-45B6-BFEE-715C782EC654}
	EndGlobalSection
EndGlobal
